github.com/valkey-io/valkey-go v1.0.67 h1:QPaRcuBmazhyoWTxk7I2XcSALhoL7UhAReR5o/rh1Po=
github.com/valkey-io/valkey-go v1.0.67/go.mod h1:bHmwjIEOrGq/ubOJfh5uMRs7Xj6mV3mQ/ZXUbmqpjqY=
golang.org/x/sys v0.31.0 h1:ioabZlmFYtWhL+TRYpcnNlLwhyxaM9kWTDEmfnprqik=
golang.org/x/sys v0.31.0/go.mod h1:BJP2sWEmIv4KK5OTEluFJCKSidICx8ciO85XgH3Ak8k=
